// !$*UTF8*$!
{
	archiveVersion = 1;
	classes = {
	};
	objectVersion = 51;
	objects = {

/* Begin PBXBuildFile section */
		A9D439EF3F04D6BD66B260F0 /* Pods_CaliPro.framework in Frameworks */ = {isa = PBXBuildFile; fileRef = 9A51A765A05D8A9541C46BF5 /* Pods_CaliPro.framework */; };
		D734FD5E257FFF2700F137DE /* ExercisesVC.swift in Sources */ = {isa = PBXBuildFile; fileRef = D734FD5D257FFF2700F137DE /* ExercisesVC.swift */; };
		D734FD60258007E200F137DE /* ExercisesTableViewCell.swift in Sources */ = {isa = PBXBuildFile; fileRef = D734FD5F258007E200F137DE /* ExercisesTableViewCell.swift */; };
		D734FD622581115000F137DE /* Checkable.swift in Sources */ = {isa = PBXBuildFile; fileRef = D734FD612581115000F137DE /* Checkable.swift */; };
		D734FD6525818C8D00F137DE /* WorkoutNotesCell.swift in Sources */ = {isa = PBXBuildFile; fileRef = D734FD6425818C8D00F137DE /* WorkoutNotesCell.swift */; };
		D734FD672583B89400F137DE /* WorkoutBlockCell.swift in Sources */ = {isa = PBXBuildFile; fileRef = D734FD662583B89400F137DE /* WorkoutBlockCell.swift */; };
		D76B219F258C0220000B5CEC /* String+Shortcuts.swift in Sources */ = {isa = PBXBuildFile; fileRef = D76B219E258C0220000B5CEC /* String+Shortcuts.swift */; };
		D76B21A1258C0B32000B5CEC /* AddWokoutTableViewCellDelegate.swift in Sources */ = {isa = PBXBuildFile; fileRef = D76B21A0258C0B32000B5CEC /* AddWokoutTableViewCellDelegate.swift */; };
		D76B21A3258C0BD2000B5CEC /* WorkoutDurationCell.swift in Sources */ = {isa = PBXBuildFile; fileRef = D76B21A2258C0BD2000B5CEC /* WorkoutDurationCell.swift */; };
		D76D2ABC2572A1870012C6A4 /* AppDelegate.swift in Sources */ = {isa = PBXBuildFile; fileRef = D76D2ABB2572A1870012C6A4 /* AppDelegate.swift */; };
		D76D2ABE2572A1870012C6A4 /* SceneDelegate.swift in Sources */ = {isa = PBXBuildFile; fileRef = D76D2ABD2572A1870012C6A4 /* SceneDelegate.swift */; };
		D76D2AC32572A1870012C6A4 /* Main.storyboard in Resources */ = {isa = PBXBuildFile; fileRef = D76D2AC12572A1870012C6A4 /* Main.storyboard */; };
		D76D2AC52572A18C0012C6A4 /* Assets.xcassets in Resources */ = {isa = PBXBuildFile; fileRef = D76D2AC42572A18C0012C6A4 /* Assets.xcassets */; };
		D76D2AC82572A18C0012C6A4 /* LaunchScreen.storyboard in Resources */ = {isa = PBXBuildFile; fileRef = D76D2AC62572A18C0012C6A4 /* LaunchScreen.storyboard */; };
		D76D2AD925754CE20012C6A4 /* DashboardVC.swift in Sources */ = {isa = PBXBuildFile; fileRef = D76D2AD825754CE20012C6A4 /* DashboardVC.swift */; };
		D76D2ADC257557670012C6A4 /* WorkoutCell.swift in Sources */ = {isa = PBXBuildFile; fileRef = D76D2ADA257557670012C6A4 /* WorkoutCell.swift */; };
		D76D2ADF257578F40012C6A4 /* AddButtonCell.swift in Sources */ = {isa = PBXBuildFile; fileRef = D76D2ADE257578F40012C6A4 /* AddButtonCell.swift */; };
		D76D2AE525768BE30012C6A4 /* Constants.swift in Sources */ = {isa = PBXBuildFile; fileRef = D76D2AE425768BE30012C6A4 /* Constants.swift */; };
		D76D2AE92576A9410012C6A4 /* WorkoutCell.xib in Resources */ = {isa = PBXBuildFile; fileRef = D76D2AE82576A9410012C6A4 /* WorkoutCell.xib */; };
		D76D2AEB2576AF640012C6A4 /* AddButtonCell.xib in Resources */ = {isa = PBXBuildFile; fileRef = D76D2AEA2576AF640012C6A4 /* AddButtonCell.xib */; };
		D76D2AEF2577E2020012C6A4 /* WorkoutSplitCell.xib in Resources */ = {isa = PBXBuildFile; fileRef = D76D2AEE2577E2020012C6A4 /* WorkoutSplitCell.xib */; };
		D76D2AF12577E2730012C6A4 /* WorkoutSplitCell.swift in Sources */ = {isa = PBXBuildFile; fileRef = D76D2AF02577E2730012C6A4 /* WorkoutSplitCell.swift */; };
		D76D2AF32577F0FE0012C6A4 /* Expandable.swift in Sources */ = {isa = PBXBuildFile; fileRef = D76D2AF22577F0FE0012C6A4 /* Expandable.swift */; };
		D76D2AF825793AFD0012C6A4 /* DatabaseManager.swift in Sources */ = {isa = PBXBuildFile; fileRef = D76D2AF725793AFD0012C6A4 /* DatabaseManager.swift */; };
		D76D2B1B257A72CD0012C6A4 /* DataModel.xcdatamodeld in Sources */ = {isa = PBXBuildFile; fileRef = D76D2B19257A72CD0012C6A4 /* DataModel.xcdatamodeld */; };
		D76D2B42257A82DE0012C6A4 /* preload_data.db in Resources */ = {isa = PBXBuildFile; fileRef = D76D2B41257A82DE0012C6A4 /* preload_data.db */; };
		D76D2B44257A98B20012C6A4 /* exercises.csv in Resources */ = {isa = PBXBuildFile; fileRef = D76D2B43257A98B20012C6A4 /* exercises.csv */; };
		D76D2B46257BF3220012C6A4 /* AddWorkoutVC.swift in Sources */ = {isa = PBXBuildFile; fileRef = D76D2B45257BF3220012C6A4 /* AddWorkoutVC.swift */; };
		D76D2B48257E75660012C6A4 /* WorkoutIdentifierCell.swift in Sources */ = {isa = PBXBuildFile; fileRef = D76D2B47257E75660012C6A4 /* WorkoutIdentifierCell.swift */; };
		D76D2B4A257FD1C50012C6A4 /* AddExerciseCell.swift in Sources */ = {isa = PBXBuildFile; fileRef = D76D2B49257FD1C40012C6A4 /* AddExerciseCell.swift */; };
		D79B362C259291030098ABC0 /* Dashboard.storyboard in Resources */ = {isa = PBXBuildFile; fileRef = D79B362B259291030098ABC0 /* Dashboard.storyboard */; };
		D79B362E2592912D0098ABC0 /* Exercises.storyboard in Resources */ = {isa = PBXBuildFile; fileRef = D79B362D2592912D0098ABC0 /* Exercises.storyboard */; };
		D79B36302592D4F90098ABC0 /* AddSplit.storyboard in Resources */ = {isa = PBXBuildFile; fileRef = D79B362F2592D4F90098ABC0 /* AddSplit.storyboard */; };
		D79B394E259BB00E00E070F5 /* LengthPerWorkoutCell.swift in Sources */ = {isa = PBXBuildFile; fileRef = D79B394D259BB00E00E070F5 /* LengthPerWorkoutCell.swift */; };
		D7A7C6592593DF81007B07A5 /* AddSplitVC.swift in Sources */ = {isa = PBXBuildFile; fileRef = D7A7C6582593DF81007B07A5 /* AddSplitVC.swift */; };
		D7A7C65C2593F24F007B07A5 /* SelectDaysCell.swift in Sources */ = {isa = PBXBuildFile; fileRef = D7A7C65B2593F24F007B07A5 /* SelectDaysCell.swift */; };
		D7A7C65E2593F290007B07A5 /* SelectEquipmentsCell.swift in Sources */ = {isa = PBXBuildFile; fileRef = D7A7C65D2593F290007B07A5 /* SelectEquipmentsCell.swift */; };
		D7E07FF1259BDC8F0071F8B1 /* Equipments.storyboard in Resources */ = {isa = PBXBuildFile; fileRef = D7E07FF0259BDC8F0071F8B1 /* Equipments.storyboard */; };
/* End PBXBuildFile section */

/* Begin PBXFileReference section */
		8715453C3FF4FDBDD3F6D869 /* Pods-CaliPro.release.xcconfig */ = {isa = PBXFileReference; includeInIndex = 1; lastKnownFileType = text.xcconfig; name = "Pods-CaliPro.release.xcconfig"; path = "Target Support Files/Pods-CaliPro/Pods-CaliPro.release.xcconfig"; sourceTree = "<group>"; };
		9A51A765A05D8A9541C46BF5 /* Pods_CaliPro.framework */ = {isa = PBXFileReference; explicitFileType = wrapper.framework; includeInIndex = 0; path = Pods_CaliPro.framework; sourceTree = BUILT_PRODUCTS_DIR; };
		B37BE04CAE9AEABD1D1E2BCB /* Pods-CaliPro.debug.xcconfig */ = {isa = PBXFileReference; includeInIndex = 1; lastKnownFileType = text.xcconfig; name = "Pods-CaliPro.debug.xcconfig"; path = "Target Support Files/Pods-CaliPro/Pods-CaliPro.debug.xcconfig"; sourceTree = "<group>"; };
		D734FD5D257FFF2700F137DE /* ExercisesVC.swift */ = {isa = PBXFileReference; lastKnownFileType = sourcecode.swift; path = ExercisesVC.swift; sourceTree = "<group>"; };
		D734FD5F258007E200F137DE /* ExercisesTableViewCell.swift */ = {isa = PBXFileReference; lastKnownFileType = sourcecode.swift; path = ExercisesTableViewCell.swift; sourceTree = "<group>"; };
		D734FD612581115000F137DE /* Checkable.swift */ = {isa = PBXFileReference; lastKnownFileType = sourcecode.swift; path = Checkable.swift; sourceTree = "<group>"; };
		D734FD6425818C8D00F137DE /* WorkoutNotesCell.swift */ = {isa = PBXFileReference; lastKnownFileType = sourcecode.swift; path = WorkoutNotesCell.swift; sourceTree = "<group>"; };
		D734FD662583B89400F137DE /* WorkoutBlockCell.swift */ = {isa = PBXFileReference; lastKnownFileType = sourcecode.swift; path = WorkoutBlockCell.swift; sourceTree = "<group>"; };
		D76B219E258C0220000B5CEC /* String+Shortcuts.swift */ = {isa = PBXFileReference; lastKnownFileType = sourcecode.swift; path = "String+Shortcuts.swift"; sourceTree = "<group>"; };
		D76B21A0258C0B32000B5CEC /* AddWokoutTableViewCellDelegate.swift */ = {isa = PBXFileReference; lastKnownFileType = sourcecode.swift; path = AddWokoutTableViewCellDelegate.swift; sourceTree = "<group>"; };
		D76B21A2258C0BD2000B5CEC /* WorkoutDurationCell.swift */ = {isa = PBXFileReference; lastKnownFileType = sourcecode.swift; path = WorkoutDurationCell.swift; sourceTree = "<group>"; };
		D76D2AB82572A1870012C6A4 /* CaliPro.app */ = {isa = PBXFileReference; explicitFileType = wrapper.application; includeInIndex = 0; path = CaliPro.app; sourceTree = BUILT_PRODUCTS_DIR; };
		D76D2ABB2572A1870012C6A4 /* AppDelegate.swift */ = {isa = PBXFileReference; lastKnownFileType = sourcecode.swift; path = AppDelegate.swift; sourceTree = "<group>"; };
		D76D2ABD2572A1870012C6A4 /* SceneDelegate.swift */ = {isa = PBXFileReference; lastKnownFileType = sourcecode.swift; path = SceneDelegate.swift; sourceTree = "<group>"; };
		D76D2AC22572A1870012C6A4 /* Base */ = {isa = PBXFileReference; lastKnownFileType = file.storyboard; name = Base; path = Base.lproj/Main.storyboard; sourceTree = "<group>"; };
		D76D2AC42572A18C0012C6A4 /* Assets.xcassets */ = {isa = PBXFileReference; lastKnownFileType = folder.assetcatalog; path = Assets.xcassets; sourceTree = "<group>"; };
		D76D2AC72572A18C0012C6A4 /* Base */ = {isa = PBXFileReference; lastKnownFileType = file.storyboard; name = Base; path = Base.lproj/LaunchScreen.storyboard; sourceTree = "<group>"; };
		D76D2AC92572A18C0012C6A4 /* Info.plist */ = {isa = PBXFileReference; lastKnownFileType = text.plist.xml; path = Info.plist; sourceTree = "<group>"; };
		D76D2AD825754CE20012C6A4 /* DashboardVC.swift */ = {isa = PBXFileReference; lastKnownFileType = sourcecode.swift; path = DashboardVC.swift; sourceTree = "<group>"; };
		D76D2ADA257557670012C6A4 /* WorkoutCell.swift */ = {isa = PBXFileReference; lastKnownFileType = sourcecode.swift; path = WorkoutCell.swift; sourceTree = "<group>"; };
		D76D2ADE257578F40012C6A4 /* AddButtonCell.swift */ = {isa = PBXFileReference; lastKnownFileType = sourcecode.swift; path = AddButtonCell.swift; sourceTree = "<group>"; };
		D76D2AE425768BE30012C6A4 /* Constants.swift */ = {isa = PBXFileReference; lastKnownFileType = sourcecode.swift; path = Constants.swift; sourceTree = "<group>"; };
		D76D2AE82576A9410012C6A4 /* WorkoutCell.xib */ = {isa = PBXFileReference; lastKnownFileType = file.xib; path = WorkoutCell.xib; sourceTree = "<group>"; };
		D76D2AEA2576AF640012C6A4 /* AddButtonCell.xib */ = {isa = PBXFileReference; lastKnownFileType = file.xib; path = AddButtonCell.xib; sourceTree = "<group>"; };
		D76D2AEE2577E2020012C6A4 /* WorkoutSplitCell.xib */ = {isa = PBXFileReference; lastKnownFileType = file.xib; path = WorkoutSplitCell.xib; sourceTree = "<group>"; };
		D76D2AF02577E2730012C6A4 /* WorkoutSplitCell.swift */ = {isa = PBXFileReference; lastKnownFileType = sourcecode.swift; path = WorkoutSplitCell.swift; sourceTree = "<group>"; };
		D76D2AF22577F0FE0012C6A4 /* Expandable.swift */ = {isa = PBXFileReference; lastKnownFileType = sourcecode.swift; path = Expandable.swift; sourceTree = "<group>"; };
		D76D2AF725793AFD0012C6A4 /* DatabaseManager.swift */ = {isa = PBXFileReference; lastKnownFileType = sourcecode.swift; path = DatabaseManager.swift; sourceTree = "<group>"; };
		D76D2B1A257A72CD0012C6A4 /* DataModel.xcdatamodel */ = {isa = PBXFileReference; lastKnownFileType = wrapper.xcdatamodel; path = DataModel.xcdatamodel; sourceTree = "<group>"; };
		D76D2B41257A82DE0012C6A4 /* preload_data.db */ = {isa = PBXFileReference; lastKnownFileType = file; path = preload_data.db; sourceTree = "<group>"; };
		D76D2B43257A98B20012C6A4 /* exercises.csv */ = {isa = PBXFileReference; fileEncoding = 4; lastKnownFileType = text; path = exercises.csv; sourceTree = "<group>"; };
		D76D2B45257BF3220012C6A4 /* AddWorkoutVC.swift */ = {isa = PBXFileReference; lastKnownFileType = sourcecode.swift; path = AddWorkoutVC.swift; sourceTree = "<group>"; };
		D76D2B47257E75660012C6A4 /* WorkoutIdentifierCell.swift */ = {isa = PBXFileReference; lastKnownFileType = sourcecode.swift; path = WorkoutIdentifierCell.swift; sourceTree = "<group>"; };
		D76D2B49257FD1C40012C6A4 /* AddExerciseCell.swift */ = {isa = PBXFileReference; lastKnownFileType = sourcecode.swift; path = AddExerciseCell.swift; sourceTree = "<group>"; };
		D79B362B259291030098ABC0 /* Dashboard.storyboard */ = {isa = PBXFileReference; lastKnownFileType = file.storyboard; path = Dashboard.storyboard; sourceTree = "<group>"; };
		D79B362D2592912D0098ABC0 /* Exercises.storyboard */ = {isa = PBXFileReference; lastKnownFileType = file.storyboard; path = Exercises.storyboard; sourceTree = "<group>"; };
		D79B362F2592D4F90098ABC0 /* AddSplit.storyboard */ = {isa = PBXFileReference; lastKnownFileType = file.storyboard; path = AddSplit.storyboard; sourceTree = "<group>"; };
		D79B394D259BB00E00E070F5 /* LengthPerWorkoutCell.swift */ = {isa = PBXFileReference; lastKnownFileType = sourcecode.swift; path = LengthPerWorkoutCell.swift; sourceTree = "<group>"; };
		D7A7C6582593DF81007B07A5 /* AddSplitVC.swift */ = {isa = PBXFileReference; lastKnownFileType = sourcecode.swift; path = AddSplitVC.swift; sourceTree = "<group>"; };
		D7A7C65B2593F24F007B07A5 /* SelectDaysCell.swift */ = {isa = PBXFileReference; lastKnownFileType = sourcecode.swift; path = SelectDaysCell.swift; sourceTree = "<group>"; };
		D7A7C65D2593F290007B07A5 /* SelectEquipmentsCell.swift */ = {isa = PBXFileReference; lastKnownFileType = sourcecode.swift; path = SelectEquipmentsCell.swift; sourceTree = "<group>"; };
		D7E07FF0259BDC8F0071F8B1 /* Equipments.storyboard */ = {isa = PBXFileReference; lastKnownFileType = file.storyboard; path = Equipments.storyboard; sourceTree = "<group>"; };
/* End PBXFileReference section */

/* Begin PBXFrameworksBuildPhase section */
		D76D2AB52572A1860012C6A4 /* Frameworks */ = {
			isa = PBXFrameworksBuildPhase;
			buildActionMask = 2147483647;
			files = (
				A9D439EF3F04D6BD66B260F0 /* Pods_CaliPro.framework in Frameworks */,
			);
			runOnlyForDeploymentPostprocessing = 0;
		};
/* End PBXFrameworksBuildPhase section */

/* Begin PBXGroup section */
		BC66C406430FCF24ABD35C47 /* Pods */ = {
			isa = PBXGroup;
			children = (
				B37BE04CAE9AEABD1D1E2BCB /* Pods-CaliPro.debug.xcconfig */,
				8715453C3FF4FDBDD3F6D869 /* Pods-CaliPro.release.xcconfig */,
			);
			path = Pods;
			sourceTree = "<group>";
		};
		D734FD63258181B800F137DE /* Add Workout View */ = {
			isa = PBXGroup;
			children = (
				D76B21A4258C44A3000B5CEC /* Protocols */,
				D76D2B47257E75660012C6A4 /* WorkoutIdentifierCell.swift */,
				D76D2B49257FD1C40012C6A4 /* AddExerciseCell.swift */,
				D734FD662583B89400F137DE /* WorkoutBlockCell.swift */,
				D76B21A2258C0BD2000B5CEC /* WorkoutDurationCell.swift */,
				D734FD6425818C8D00F137DE /* WorkoutNotesCell.swift */,
			);
			path = "Add Workout View";
			sourceTree = "<group>";
		};
		D76B219B258BFA05000B5CEC /* Exercises Table View */ = {
			isa = PBXGroup;
			children = (
				D734FD5F258007E200F137DE /* ExercisesTableViewCell.swift */,
			);
			path = "Exercises Table View";
			sourceTree = "<group>";
		};
		D76B219C258BFA16000B5CEC /* Dashboard */ = {
			isa = PBXGroup;
			children = (
				D76D2ADA257557670012C6A4 /* WorkoutCell.swift */,
				D76D2AE82576A9410012C6A4 /* WorkoutCell.xib */,
				D76D2AEE2577E2020012C6A4 /* WorkoutSplitCell.xib */,
				D76D2AEA2576AF640012C6A4 /* AddButtonCell.xib */,
				D76D2ADE257578F40012C6A4 /* AddButtonCell.swift */,
				D76D2AF02577E2730012C6A4 /* WorkoutSplitCell.swift */,
			);
			path = Dashboard;
			sourceTree = "<group>";
		};
		D76B219D258C020F000B5CEC /* Extensions */ = {
			isa = PBXGroup;
			children = (
				D76B219E258C0220000B5CEC /* String+Shortcuts.swift */,
			);
			path = Extensions;
			sourceTree = "<group>";
		};
		D76B21A4258C44A3000B5CEC /* Protocols */ = {
			isa = PBXGroup;
			children = (
				D76B21A0258C0B32000B5CEC /* AddWokoutTableViewCellDelegate.swift */,
			);
			path = Protocols;
			sourceTree = "<group>";
		};
		D76D2AAF2572A1860012C6A4 = {
			isa = PBXGroup;
			children = (
				D76D2ABA2572A1870012C6A4 /* CaliPro */,
				D76D2AB92572A1870012C6A4 /* Products */,
				BC66C406430FCF24ABD35C47 /* Pods */,
				F3767F94DC49F417BEBCDB1A /* Frameworks */,
			);
			sourceTree = "<group>";
		};
		D76D2AB92572A1870012C6A4 /* Products */ = {
			isa = PBXGroup;
			children = (
				D76D2AB82572A1870012C6A4 /* CaliPro.app */,
			);
			name = Products;
			sourceTree = "<group>";
		};
		D76D2ABA2572A1870012C6A4 /* CaliPro */ = {
			isa = PBXGroup;
			children = (
				D79B362A259290EE0098ABC0 /* Storyboards */,
				D76B219D258C020F000B5CEC /* Extensions */,
				D76D2ACF2572A6E00012C6A4 /* Model */,
				D76D2AD02572A6E60012C6A4 /* View */,
				D76D2AD12572A6EB0012C6A4 /* Controller */,
				D76D2ABD2572A1870012C6A4 /* SceneDelegate.swift */,
				D76D2ABB2572A1870012C6A4 /* AppDelegate.swift */,
				D76D2AC42572A18C0012C6A4 /* Assets.xcassets */,
				D76D2AC62572A18C0012C6A4 /* LaunchScreen.storyboard */,
				D76D2AC92572A18C0012C6A4 /* Info.plist */,
				D76D2AE425768BE30012C6A4 /* Constants.swift */,
				D76D2AF725793AFD0012C6A4 /* DatabaseManager.swift */,
			);
			path = CaliPro;
			sourceTree = "<group>";
		};
		D76D2ACF2572A6E00012C6A4 /* Model */ = {
			isa = PBXGroup;
			children = (
				D76D2B43257A98B20012C6A4 /* exercises.csv */,
				D76D2B41257A82DE0012C6A4 /* preload_data.db */,
				D76D2B19257A72CD0012C6A4 /* DataModel.xcdatamodeld */,
				D76D2AF22577F0FE0012C6A4 /* Expandable.swift */,
				D734FD612581115000F137DE /* Checkable.swift */,
			);
			path = Model;
			sourceTree = "<group>";
		};
		D76D2AD02572A6E60012C6A4 /* View */ = {
			isa = PBXGroup;
			children = (
				D76B219C258BFA16000B5CEC /* Dashboard */,
				D7A7C65A2593F007007B07A5 /* Add Split View */,
				D734FD63258181B800F137DE /* Add Workout View */,
				D76B219B258BFA05000B5CEC /* Exercises Table View */,
				D76D2AC12572A1870012C6A4 /* Main.storyboard */,
			);
			path = View;
			sourceTree = "<group>";
		};
		D76D2AD12572A6EB0012C6A4 /* Controller */ = {
			isa = PBXGroup;
			children = (
				D734FD5D257FFF2700F137DE /* ExercisesVC.swift */,
				D76D2AD825754CE20012C6A4 /* DashboardVC.swift */,
				D76D2B45257BF3220012C6A4 /* AddWorkoutVC.swift */,
				D7A7C6582593DF81007B07A5 /* AddSplitVC.swift */,
			);
			path = Controller;
			sourceTree = "<group>";
		};
		D79B362A259290EE0098ABC0 /* Storyboards */ = {
			isa = PBXGroup;
			children = (
				D79B362B259291030098ABC0 /* Dashboard.storyboard */,
				D79B362D2592912D0098ABC0 /* Exercises.storyboard */,
				D79B362F2592D4F90098ABC0 /* AddSplit.storyboard */,
				D7E07FF0259BDC8F0071F8B1 /* Equipments.storyboard */,
			);
			path = Storyboards;
			sourceTree = "<group>";
		};
		D7A7C65A2593F007007B07A5 /* Add Split View */ = {
			isa = PBXGroup;
			children = (
				D7A7C65B2593F24F007B07A5 /* SelectDaysCell.swift */,
				D7A7C65D2593F290007B07A5 /* SelectEquipmentsCell.swift */,
				D79B394D259BB00E00E070F5 /* LengthPerWorkoutCell.swift */,
			);
			path = "Add Split View";
			sourceTree = "<group>";
		};
		F3767F94DC49F417BEBCDB1A /* Frameworks */ = {
			isa = PBXGroup;
			children = (
				9A51A765A05D8A9541C46BF5 /* Pods_CaliPro.framework */,
			);
			name = Frameworks;
			sourceTree = "<group>";
		};
/* End PBXGroup section */

/* Begin PBXNativeTarget section */
		D76D2AB72572A1860012C6A4 /* CaliPro */ = {
			isa = PBXNativeTarget;
			buildConfigurationList = D76D2ACC2572A18C0012C6A4 /* Build configuration list for PBXNativeTarget "CaliPro" */;
			buildPhases = (
				8A4C2136106CE4B490011096 /* [CP] Check Pods Manifest.lock */,
				D76D2AB42572A1860012C6A4 /* Sources */,
				D76D2AB52572A1860012C6A4 /* Frameworks */,
				D76D2AB62572A1860012C6A4 /* Resources */,
				60979F2E7F5FA21F290E471B /* [CP] Embed Pods Frameworks */,
			);
			buildRules = (
			);
			dependencies = (
			);
			name = CaliPro;
			productName = CaliPro;
			productReference = D76D2AB82572A1870012C6A4 /* CaliPro.app */;
			productType = "com.apple.product-type.application";
		};
/* End PBXNativeTarget section */

/* Begin PBXProject section */
		D76D2AB02572A1860012C6A4 /* Project object */ = {
			isa = PBXProject;
			attributes = {
				LastSwiftUpdateCheck = 1160;
				LastUpgradeCheck = 1160;
				ORGANIZATIONNAME = "Kento Nambara";
				TargetAttributes = {
					D76D2AB72572A1860012C6A4 = {
						CreatedOnToolsVersion = 11.6;
					};
				};
			};
			buildConfigurationList = D76D2AB32572A1860012C6A4 /* Build configuration list for PBXProject "CaliPro" */;
			compatibilityVersion = "Xcode 9.3";
			developmentRegion = en;
			hasScannedForEncodings = 0;
			knownRegions = (
				en,
				Base,
			);
			mainGroup = D76D2AAF2572A1860012C6A4;
			productRefGroup = D76D2AB92572A1870012C6A4 /* Products */;
			projectDirPath = "";
			projectRoot = "";
			targets = (
				D76D2AB72572A1860012C6A4 /* CaliPro */,
			);
		};
/* End PBXProject section */

/* Begin PBXResourcesBuildPhase section */
		D76D2AB62572A1860012C6A4 /* Resources */ = {
			isa = PBXResourcesBuildPhase;
			buildActionMask = 2147483647;
			files = (
				D79B36302592D4F90098ABC0 /* AddSplit.storyboard in Resources */,
				D76D2AC82572A18C0012C6A4 /* LaunchScreen.storyboard in Resources */,
				D76D2AEB2576AF640012C6A4 /* AddButtonCell.xib in Resources */,
				D7E07FF1259BDC8F0071F8B1 /* Equipments.storyboard in Resources */,
				D76D2B44257A98B20012C6A4 /* exercises.csv in Resources */,
				D76D2AC52572A18C0012C6A4 /* Assets.xcassets in Resources */,
				D79B362E2592912D0098ABC0 /* Exercises.storyboard in Resources */,
				D76D2B42257A82DE0012C6A4 /* preload_data.db in Resources */,
				D76D2AC32572A1870012C6A4 /* Main.storyboard in Resources */,
				D76D2AEF2577E2020012C6A4 /* WorkoutSplitCell.xib in Resources */,
				D79B362C259291030098ABC0 /* Dashboard.storyboard in Resources */,
				D76D2AE92576A9410012C6A4 /* WorkoutCell.xib in Resources */,
			);
			runOnlyForDeploymentPostprocessing = 0;
		};
/* End PBXResourcesBuildPhase section */

/* Begin PBXShellScriptBuildPhase section */
		60979F2E7F5FA21F290E471B /* [CP] Embed Pods Frameworks */ = {
			isa = PBXShellScriptBuildPhase;
			buildActionMask = 2147483647;
			files = (
			);
			inputFileListPaths = (
				"${PODS_ROOT}/Target Support Files/Pods-CaliPro/Pods-CaliPro-frameworks-${CONFIGURATION}-input-files.xcfilelist",
			);
			name = "[CP] Embed Pods Frameworks";
			outputFileListPaths = (
				"${PODS_ROOT}/Target Support Files/Pods-CaliPro/Pods-CaliPro-frameworks-${CONFIGURATION}-output-files.xcfilelist",
			);
			runOnlyForDeploymentPostprocessing = 0;
			shellPath = /bin/sh;
			shellScript = "\"${PODS_ROOT}/Target Support Files/Pods-CaliPro/Pods-CaliPro-frameworks.sh\"\n";
			showEnvVarsInLog = 0;
		};
		8A4C2136106CE4B490011096 /* [CP] Check Pods Manifest.lock */ = {
			isa = PBXShellScriptBuildPhase;
			buildActionMask = 2147483647;
			files = (
			);
			inputFileListPaths = (
			);
			inputPaths = (
				"${PODS_PODFILE_DIR_PATH}/Podfile.lock",
				"${PODS_ROOT}/Manifest.lock",
			);
			name = "[CP] Check Pods Manifest.lock";
			outputFileListPaths = (
			);
			outputPaths = (
				"$(DERIVED_FILE_DIR)/Pods-CaliPro-checkManifestLockResult.txt",
			);
			runOnlyForDeploymentPostprocessing = 0;
			shellPath = /bin/sh;
			shellScript = "diff \"${PODS_PODFILE_DIR_PATH}/Podfile.lock\" \"${PODS_ROOT}/Manifest.lock\" > /dev/null\nif [ $? != 0 ] ; then\n    # print error to STDERR\n    echo \"error: The sandbox is not in sync with the Podfile.lock. Run 'pod install' or update your CocoaPods installation.\" >&2\n    exit 1\nfi\n# This output is used by Xcode 'outputs' to avoid re-running this script phase.\necho \"SUCCESS\" > \"${SCRIPT_OUTPUT_FILE_0}\"\n";
			showEnvVarsInLog = 0;
		};
/* End PBXShellScriptBuildPhase section */

/* Begin PBXSourcesBuildPhase section */
		D76D2AB42572A1860012C6A4 /* Sources */ = {
			isa = PBXSourcesBuildPhase;
			buildActionMask = 2147483647;
			files = (
				D76D2AD925754CE20012C6A4 /* DashboardVC.swift in Sources */,
				D79B394E259BB00E00E070F5 /* LengthPerWorkoutCell.swift in Sources */,
				D76D2B4A257FD1C50012C6A4 /* AddExerciseCell.swift in Sources */,
				D76D2B46257BF3220012C6A4 /* AddWorkoutVC.swift in Sources */,
				D734FD5E257FFF2700F137DE /* ExercisesVC.swift in Sources */,
				D76B21A3258C0BD2000B5CEC /* WorkoutDurationCell.swift in Sources */,
				D76D2AF825793AFD0012C6A4 /* DatabaseManager.swift in Sources */,
				D76D2B1B257A72CD0012C6A4 /* DataModel.xcdatamodeld in Sources */,
				D76B219F258C0220000B5CEC /* String+Shortcuts.swift in Sources */,
				D7A7C65C2593F24F007B07A5 /* SelectDaysCell.swift in Sources */,
				D76D2B48257E75660012C6A4 /* WorkoutIdentifierCell.swift in Sources */,
				D7A7C6592593DF81007B07A5 /* AddSplitVC.swift in Sources */,
				D76D2ABC2572A1870012C6A4 /* AppDelegate.swift in Sources */,
				D734FD672583B89400F137DE /* WorkoutBlockCell.swift in Sources */,
				D734FD60258007E200F137DE /* ExercisesTableViewCell.swift in Sources */,
				D76D2ADF257578F40012C6A4 /* AddButtonCell.swift in Sources */,
				D734FD6525818C8D00F137DE /* WorkoutNotesCell.swift in Sources */,
				D7A7C65E2593F290007B07A5 /* SelectEquipmentsCell.swift in Sources */,
				D76D2ABE2572A1870012C6A4 /* SceneDelegate.swift in Sources */,
				D76D2ADC257557670012C6A4 /* WorkoutCell.swift in Sources */,
				D76B21A1258C0B32000B5CEC /* AddWokoutTableViewCellDelegate.swift in Sources */,
				D734FD622581115000F137DE /* Checkable.swift in Sources */,
				D76D2AF12577E2730012C6A4 /* WorkoutSplitCell.swift in Sources */,
				D76D2AE525768BE30012C6A4 /* Constants.swift in Sources */,
				D76D2AF32577F0FE0012C6A4 /* Expandable.swift in Sources */,
			);
			runOnlyForDeploymentPostprocessing = 0;
		};
/* End PBXSourcesBuildPhase section */

/* Begin PBXVariantGroup section */
		D76D2AC12572A1870012C6A4 /* Main.storyboard */ = {
			isa = PBXVariantGroup;
			children = (
				D76D2AC22572A1870012C6A4 /* Base */,
			);
			name = Main.storyboard;
			sourceTree = "<group>";
		};
		D76D2AC62572A18C0012C6A4 /* LaunchScreen.storyboard */ = {
			isa = PBXVariantGroup;
			children = (
				D76D2AC72572A18C0012C6A4 /* Base */,
			);
			name = LaunchScreen.storyboard;
			sourceTree = "<group>";
		};
/* End PBXVariantGroup section */

/* Begin XCBuildConfiguration section */
		D76D2ACA2572A18C0012C6A4 /* Debug */ = {
			isa = XCBuildConfiguration;
			buildSettings = {
				ALWAYS_SEARCH_USER_PATHS = NO;
				CLANG_ANALYZER_NONNULL = YES;
				CLANG_ANALYZER_NUMBER_OBJECT_CONVERSION = YES_AGGRESSIVE;
				CLANG_CXX_LANGUAGE_STANDARD = "gnu++14";
				CLANG_CXX_LIBRARY = "libc++";
				CLANG_ENABLE_MODULES = YES;
				CLANG_ENABLE_OBJC_ARC = YES;
				CLANG_ENABLE_OBJC_WEAK = YES;
				CLANG_WARN_BLOCK_CAPTURE_AUTORELEASING = YES;
				CLANG_WARN_BOOL_CONVERSION = YES;
				CLANG_WARN_COMMA = YES;
				CLANG_WARN_CONSTANT_CONVERSION = YES;
				CLANG_WARN_DEPRECATED_OBJC_IMPLEMENTATIONS = YES;
				CLANG_WARN_DIRECT_OBJC_ISA_USAGE = YES_ERROR;
				CLANG_WARN_DOCUMENTATION_COMMENTS = YES;
				CLANG_WARN_EMPTY_BODY = YES;
				CLANG_WARN_ENUM_CONVERSION = YES;
				CLANG_WARN_INFINITE_RECURSION = YES;
				CLANG_WARN_INT_CONVERSION = YES;
				CLANG_WARN_NON_LITERAL_NULL_CONVERSION = YES;
				CLANG_WARN_OBJC_IMPLICIT_RETAIN_SELF = YES;
				CLANG_WARN_OBJC_LITERAL_CONVERSION = YES;
				CLANG_WARN_OBJC_ROOT_CLASS = YES_ERROR;
				CLANG_WARN_RANGE_LOOP_ANALYSIS = YES;
				CLANG_WARN_STRICT_PROTOTYPES = YES;
				CLANG_WARN_SUSPICIOUS_MOVE = YES;
				CLANG_WARN_UNGUARDED_AVAILABILITY = YES_AGGRESSIVE;
				CLANG_WARN_UNREACHABLE_CODE = YES;
				CLANG_WARN__DUPLICATE_METHOD_MATCH = YES;
				COPY_PHASE_STRIP = NO;
				DEBUG_INFORMATION_FORMAT = dwarf;
				ENABLE_STRICT_OBJC_MSGSEND = YES;
				ENABLE_TESTABILITY = YES;
				GCC_C_LANGUAGE_STANDARD = gnu11;
				GCC_DYNAMIC_NO_PIC = NO;
				GCC_NO_COMMON_BLOCKS = YES;
				GCC_OPTIMIZATION_LEVEL = 0;
				GCC_PREPROCESSOR_DEFINITIONS = (
					"DEBUG=1",
					"$(inherited)",
				);
				GCC_WARN_64_TO_32_BIT_CONVERSION = YES;
				GCC_WARN_ABOUT_RETURN_TYPE = YES_ERROR;
				GCC_WARN_UNDECLARED_SELECTOR = YES;
				GCC_WARN_UNINITIALIZED_AUTOS = YES_AGGRESSIVE;
				GCC_WARN_UNUSED_FUNCTION = YES;
				GCC_WARN_UNUSED_VARIABLE = YES;
				IPHONEOS_DEPLOYMENT_TARGET = 13.6;
				MTL_ENABLE_DEBUG_INFO = INCLUDE_SOURCE;
				MTL_FAST_MATH = YES;
				ONLY_ACTIVE_ARCH = YES;
				SDKROOT = iphoneos;
				SWIFT_ACTIVE_COMPILATION_CONDITIONS = DEBUG;
				SWIFT_OPTIMIZATION_LEVEL = "-Onone";
			};
			name = Debug;
		};
		D76D2ACB2572A18C0012C6A4 /* Release */ = {
			isa = XCBuildConfiguration;
			buildSettings = {
				ALWAYS_SEARCH_USER_PATHS = NO;
				CLANG_ANALYZER_NONNULL = YES;
				CLANG_ANALYZER_NUMBER_OBJECT_CONVERSION = YES_AGGRESSIVE;
				CLANG_CXX_LANGUAGE_STANDARD = "gnu++14";
				CLANG_CXX_LIBRARY = "libc++";
				CLANG_ENABLE_MODULES = YES;
				CLANG_ENABLE_OBJC_ARC = YES;
				CLANG_ENABLE_OBJC_WEAK = YES;
				CLANG_WARN_BLOCK_CAPTURE_AUTORELEASING = YES;
				CLANG_WARN_BOOL_CONVERSION = YES;
				CLANG_WARN_COMMA = YES;
				CLANG_WARN_CONSTANT_CONVERSION = YES;
				CLANG_WARN_DEPRECATED_OBJC_IMPLEMENTATIONS = YES;
				CLANG_WARN_DIRECT_OBJC_ISA_USAGE = YES_ERROR;
				CLANG_WARN_DOCUMENTATION_COMMENTS = YES;
				CLANG_WARN_EMPTY_BODY = YES;
				CLANG_WARN_ENUM_CONVERSION = YES;
				CLANG_WARN_INFINITE_RECURSION = YES;
				CLANG_WARN_INT_CONVERSION = YES;
				CLANG_WARN_NON_LITERAL_NULL_CONVERSION = YES;
				CLANG_WARN_OBJC_IMPLICIT_RETAIN_SELF = YES;
				CLANG_WARN_OBJC_LITERAL_CONVERSION = YES;
				CLANG_WARN_OBJC_ROOT_CLASS = YES_ERROR;
				CLANG_WARN_RANGE_LOOP_ANALYSIS = YES;
				CLANG_WARN_STRICT_PROTOTYPES = YES;
				CLANG_WARN_SUSPICIOUS_MOVE = YES;
				CLANG_WARN_UNGUARDED_AVAILABILITY = YES_AGGRESSIVE;
				CLANG_WARN_UNREACHABLE_CODE = YES;
				CLANG_WARN__DUPLICATE_METHOD_MATCH = YES;
				COPY_PHASE_STRIP = NO;
				DEBUG_INFORMATION_FORMAT = "dwarf-with-dsym";
				ENABLE_NS_ASSERTIONS = NO;
				ENABLE_STRICT_OBJC_MSGSEND = YES;
				GCC_C_LANGUAGE_STANDARD = gnu11;
				GCC_NO_COMMON_BLOCKS = YES;
				GCC_WARN_64_TO_32_BIT_CONVERSION = YES;
				GCC_WARN_ABOUT_RETURN_TYPE = YES_ERROR;
				GCC_WARN_UNDECLARED_SELECTOR = YES;
				GCC_WARN_UNINITIALIZED_AUTOS = YES_AGGRESSIVE;
				GCC_WARN_UNUSED_FUNCTION = YES;
				GCC_WARN_UNUSED_VARIABLE = YES;
				IPHONEOS_DEPLOYMENT_TARGET = 13.6;
				MTL_ENABLE_DEBUG_INFO = NO;
				MTL_FAST_MATH = YES;
				SDKROOT = iphoneos;
				SWIFT_COMPILATION_MODE = wholemodule;
				SWIFT_OPTIMIZATION_LEVEL = "-O";
				VALIDATE_PRODUCT = YES;
			};
			name = Release;
		};
		D76D2ACD2572A18C0012C6A4 /* Debug */ = {
			isa = XCBuildConfiguration;
			baseConfigurationReference = B37BE04CAE9AEABD1D1E2BCB /* Pods-CaliPro.debug.xcconfig */;
			buildSettings = {
				ASSETCATALOG_COMPILER_APPICON_NAME = AppIcon;
				CODE_SIGN_STYLE = Automatic;
				DEVELOPMENT_TEAM = ADNW9WY55G;
				INFOPLIST_FILE = CaliPro/Info.plist;
				IPHONEOS_DEPLOYMENT_TARGET = 13.0;
				LD_RUNPATH_SEARCH_PATHS = (
					"$(inherited)",
					"@executable_path/Frameworks",
				);
				PRODUCT_BUNDLE_IDENTIFIER = com.kentonambara.CaliPro;
				PRODUCT_NAME = "$(TARGET_NAME)";
				SWIFT_VERSION = 5.0;
				TARGETED_DEVICE_FAMILY = 1;
			};
			name = Debug;
		};
		D76D2ACE2572A18C0012C6A4 /* Release */ = {
			isa = XCBuildConfiguration;
			baseConfigurationReference = 8715453C3FF4FDBDD3F6D869 /* Pods-CaliPro.release.xcconfig */;
			buildSettings = {
				ASSETCATALOG_COMPILER_APPICON_NAME = AppIcon;
				CODE_SIGN_STYLE = Automatic;
				DEVELOPMENT_TEAM = ADNW9WY55G;
				INFOPLIST_FILE = CaliPro/Info.plist;
				IPHONEOS_DEPLOYMENT_TARGET = 13.0;
				LD_RUNPATH_SEARCH_PATHS = (
					"$(inherited)",
					"@executable_path/Frameworks",
				);
				PRODUCT_BUNDLE_IDENTIFIER = com.kentonambara.CaliPro;
				PRODUCT_NAME = "$(TARGET_NAME)";
				SWIFT_VERSION = 5.0;
				TARGETED_DEVICE_FAMILY = 1;
			};
			name = Release;
		};
/* End XCBuildConfiguration section */

/* Begin XCConfigurationList section */
		D76D2AB32572A1860012C6A4 /* Build configuration list for PBXProject "CaliPro" */ = {
			isa = XCConfigurationList;
			buildConfigurations = (
				D76D2ACA2572A18C0012C6A4 /* Debug */,
				D76D2ACB2572A18C0012C6A4 /* Release */,
			);
			defaultConfigurationIsVisible = 0;
			defaultConfigurationName = Release;
		};
		D76D2ACC2572A18C0012C6A4 /* Build configuration list for PBXNativeTarget "CaliPro" */ = {
			isa = XCConfigurationList;
			buildConfigurations = (
				D76D2ACD2572A18C0012C6A4 /* Debug */,
				D76D2ACE2572A18C0012C6A4 /* Release */,
			);
			defaultConfigurationIsVisible = 0;
			defaultConfigurationName = Release;
		};
/* End XCConfigurationList section */

/* Begin XCVersionGroup section */
		D76D2B19257A72CD0012C6A4 /* DataModel.xcdatamodeld */ = {
			isa = XCVersionGroup;
			children = (
				D76D2B1A257A72CD0012C6A4 /* DataModel.xcdatamodel */,
			);
			currentVersion = D76D2B1A257A72CD0012C6A4 /* DataModel.xcdatamodel */;
			path = DataModel.xcdatamodeld;
			sourceTree = "<group>";
			versionGroupType = wrapper.xcdatamodel;
		};
/* End XCVersionGroup section */
	};
	rootObject = D76D2AB02572A1860012C6A4 /* Project object */;
}
